// !$*UTF8*$!
{
	archiveVersion = 1;
	classes = {
	};
	objectVersion = 50;
	objects = {

/* Begin PBXBuildFile section */
		AA3580F023BBE487006C012F /* AppDelegate.swift in Sources */ = {isa = PBXBuildFile; fileRef = AA3580EF23BBE487006C012F /* AppDelegate.swift */; };
		AA3580F223BBE487006C012F /* SceneDelegate.swift in Sources */ = {isa = PBXBuildFile; fileRef = AA3580F123BBE487006C012F /* SceneDelegate.swift */; };
		AA3580F423BBE487006C012F /* ViewController.swift in Sources */ = {isa = PBXBuildFile; fileRef = AA3580F323BBE487006C012F /* ViewController.swift */; };
		AA3580F723BBE487006C012F /* Main.storyboard in Resources */ = {isa = PBXBuildFile; fileRef = AA3580F523BBE487006C012F /* Main.storyboard */; };
		AA3580F923BBE488006C012F /* Assets.xcassets in Resources */ = {isa = PBXBuildFile; fileRef = AA3580F823BBE488006C012F /* Assets.xcassets */; };
		AA3580FC23BBE488006C012F /* LaunchScreen.storyboard in Resources */ = {isa = PBXBuildFile; fileRef = AA3580FA23BBE488006C012F /* LaunchScreen.storyboard */; };
		AA35810723BBE488006C012F /* TouchTrackerTests.swift in Sources */ = {isa = PBXBuildFile; fileRef = AA35810623BBE488006C012F /* TouchTrackerTests.swift */; };
		AA35811223BBE488006C012F /* TouchTrackerUITests.swift in Sources */ = {isa = PBXBuildFile; fileRef = AA35811123BBE488006C012F /* TouchTrackerUITests.swift */; };
		AABFF1B723BCCE69002C65CD /* Line.swift in Sources */ = {isa = PBXBuildFile; fileRef = AABFF1B623BCCE69002C65CD /* Line.swift */; };
		AABFF1B923BCCF90002C65CD /* DrawView.swift in Sources */ = {isa = PBXBuildFile; fileRef = AABFF1B823BCCF90002C65CD /* DrawView.swift */; };
/* End PBXBuildFile section */

/* Begin PBXContainerItemProxy section */
		AA35810323BBE488006C012F /* PBXContainerItemProxy */ = {
			isa = PBXContainerItemProxy;
			containerPortal = AA3580E423BBE487006C012F /* Project object */;
			proxyType = 1;
			remoteGlobalIDString = AA3580EB23BBE487006C012F;
			remoteInfo = TouchTracker;
		};
		AA35810E23BBE488006C012F /* PBXContainerItemProxy */ = {
			isa = PBXContainerItemProxy;
			containerPortal = AA3580E423BBE487006C012F /* Project object */;
			proxyType = 1;
			remoteGlobalIDString = AA3580EB23BBE487006C012F;
			remoteInfo = TouchTracker;
		};
/* End PBXContainerItemProxy section */

/* Begin PBXFileReference section */
		AA3580EC23BBE487006C012F /* TouchTracker.app */ = {isa = PBXFileReference; explicitFileType = wrapper.application; includeInIndex = 0; path = TouchTracker.app; sourceTree = BUILT_PRODUCTS_DIR; };
		AA3580EF23BBE487006C012F /* AppDelegate.swift */ = {isa = PBXFileReference; lastKnownFileType = sourcecode.swift; path = AppDelegate.swift; sourceTree = "<group>"; };
		AA3580F123BBE487006C012F /* SceneDelegate.swift */ = {isa = PBXFileReference; lastKnownFileType = sourcecode.swift; path = SceneDelegate.swift; sourceTree = "<group>"; };
		AA3580F323BBE487006C012F /* ViewController.swift */ = {isa = PBXFileReference; lastKnownFileType = sourcecode.swift; path = ViewController.swift; sourceTree = "<group>"; };
		AA3580F623BBE487006C012F /* Base */ = {isa = PBXFileReference; lastKnownFileType = file.storyboard; name = Base; path = Base.lproj/Main.storyboard; sourceTree = "<group>"; };
		AA3580F823BBE488006C012F /* Assets.xcassets */ = {isa = PBXFileReference; lastKnownFileType = folder.assetcatalog; path = Assets.xcassets; sourceTree = "<group>"; };
		AA3580FB23BBE488006C012F /* Base */ = {isa = PBXFileReference; lastKnownFileType = file.storyboard; name = Base; path = Base.lproj/LaunchScreen.storyboard; sourceTree = "<group>"; };
		AA3580FD23BBE488006C012F /* Info.plist */ = {isa = PBXFileReference; lastKnownFileType = text.plist.xml; path = Info.plist; sourceTree = "<group>"; };
		AA35810223BBE488006C012F /* TouchTrackerTests.xctest */ = {isa = PBXFileReference; explicitFileType = wrapper.cfbundle; includeInIndex = 0; path = TouchTrackerTests.xctest; sourceTree = BUILT_PRODUCTS_DIR; };
		AA35810623BBE488006C012F /* TouchTrackerTests.swift */ = {isa = PBXFileReference; lastKnownFileType = sourcecode.swift; path = TouchTrackerTests.swift; sourceTree = "<group>"; };
		AA35810823BBE488006C012F /* Info.plist */ = {isa = PBXFileReference; lastKnownFileType = text.plist.xml; path = Info.plist; sourceTree = "<group>"; };
		AA35810D23BBE488006C012F /* TouchTrackerUITests.xctest */ = {isa = PBXFileReference; explicitFileType = wrapper.cfbundle; includeInIndex = 0; path = TouchTrackerUITests.xctest; sourceTree = BUILT_PRODUCTS_DIR; };
		AA35811123BBE488006C012F /* TouchTrackerUITests.swift */ = {isa = PBXFileReference; lastKnownFileType = sourcecode.swift; path = TouchTrackerUITests.swift; sourceTree = "<group>"; };
		AA35811323BBE488006C012F /* Info.plist */ = {isa = PBXFileReference; lastKnownFileType = text.plist.xml; path = Info.plist; sourceTree = "<group>"; };
		AABFF1B623BCCE69002C65CD /* Line.swift */ = {isa = PBXFileReference; lastKnownFileType = sourcecode.swift; path = Line.swift; sourceTree = "<group>"; };
		AABFF1B823BCCF90002C65CD /* DrawView.swift */ = {isa = PBXFileReference; lastKnownFileType = sourcecode.swift; path = DrawView.swift; sourceTree = "<group>"; };
/* End PBXFileReference section */

/* Begin PBXFrameworksBuildPhase section */
		AA3580E923BBE487006C012F /* Frameworks */ = {
			isa = PBXFrameworksBuildPhase;
			buildActionMask = 2147483647;
			files = (
			);
			runOnlyForDeploymentPostprocessing = 0;
		};
		AA3580FF23BBE488006C012F /* Frameworks */ = {
			isa = PBXFrameworksBuildPhase;
			buildActionMask = 2147483647;
			files = (
			);
			runOnlyForDeploymentPostprocessing = 0;
		};
		AA35810A23BBE488006C012F /* Frameworks */ = {
			isa = PBXFrameworksBuildPhase;
			buildActionMask = 2147483647;
			files = (
			);
			runOnlyForDeploymentPostprocessing = 0;
		};
/* End PBXFrameworksBuildPhase section */

/* Begin PBXGroup section */
		AA3580E323BBE487006C012F = {
			isa = PBXGroup;
			children = (
				AABFF1B623BCCE69002C65CD /* Line.swift */,
				AABFF1B823BCCF90002C65CD /* DrawView.swift */,
				AA3580EE23BBE487006C012F /* TouchTracker */,
				AA35810523BBE488006C012F /* TouchTrackerTests */,
				AA35811023BBE488006C012F /* TouchTrackerUITests */,
				AA3580ED23BBE487006C012F /* Products */,
			);
			sourceTree = "<group>";
		};
		AA3580ED23BBE487006C012F /* Products */ = {
			isa = PBXGroup;
			children = (
				AA3580EC23BBE487006C012F /* TouchTracker.app */,
				AA35810223BBE488006C012F /* TouchTrackerTests.xctest */,
				AA35810D23BBE488006C012F /* TouchTrackerUITests.xctest */,
			);
			name = Products;
			sourceTree = "<group>";
		};
		AA3580EE23BBE487006C012F /* TouchTracker */ = {
			isa = PBXGroup;
			children = (
				AA3580EF23BBE487006C012F /* AppDelegate.swift */,
				AA3580F123BBE487006C012F /* SceneDelegate.swift */,
				AA3580F323BBE487006C012F /* ViewController.swift */,
				AA3580F523BBE487006C012F /* Main.storyboard */,
				AA3580F823BBE488006C012F /* Assets.xcassets */,
				AA3580FA23BBE488006C012F /* LaunchScreen.storyboard */,
				AA3580FD23BBE488006C012F /* Info.plist */,
			);
			path = TouchTracker;
			sourceTree = "<group>";
		};
		AA35810523BBE488006C012F /* TouchTrackerTests */ = {
			isa = PBXGroup;
			children = (
				AA35810623BBE488006C012F /* TouchTrackerTests.swift */,
				AA35810823BBE488006C012F /* Info.plist */,
			);
			path = TouchTrackerTests;
			sourceTree = "<group>";
		};
		AA35811023BBE488006C012F /* TouchTrackerUITests */ = {
			isa = PBXGroup;
			children = (
				AA35811123BBE488006C012F /* TouchTrackerUITests.swift */,
				AA35811323BBE488006C012F /* Info.plist */,
			);
			path = TouchTrackerUITests;
			sourceTree = "<group>";
		};
/* End PBXGroup section */

/* Begin PBXNativeTarget section */
		AA3580EB23BBE487006C012F /* TouchTracker */ = {
			isa = PBXNativeTarget;
			buildConfigurationList = AA35811623BBE488006C012F /* Build configuration list for PBXNativeTarget "TouchTracker" */;
			buildPhases = (
				AA3580E823BBE487006C012F /* Sources */,
				AA3580E923BBE487006C012F /* Frameworks */,
				AA3580EA23BBE487006C012F /* Resources */,
			);
			buildRules = (
			);
			dependencies = (
			);
			name = TouchTracker;
			productName = TouchTracker;
			productReference = AA3580EC23BBE487006C012F /* TouchTracker.app */;
			productType = "com.apple.product-type.application";
		};
		AA35810123BBE488006C012F /* TouchTrackerTests */ = {
			isa = PBXNativeTarget;
			buildConfigurationList = AA35811923BBE488006C012F /* Build configuration list for PBXNativeTarget "TouchTrackerTests" */;
			buildPhases = (
				AA3580FE23BBE488006C012F /* Sources */,
				AA3580FF23BBE488006C012F /* Frameworks */,
				AA35810023BBE488006C012F /* Resources */,
			);
			buildRules = (
			);
			dependencies = (
				AA35810423BBE488006C012F /* PBXTargetDependency */,
			);
			name = TouchTrackerTests;
			productName = TouchTrackerTests;
			productReference = AA35810223BBE488006C012F /* TouchTrackerTests.xctest */;
			productType = "com.apple.product-type.bundle.unit-test";
		};
		AA35810C23BBE488006C012F /* TouchTrackerUITests */ = {
			isa = PBXNativeTarget;
			buildConfigurationList = AA35811C23BBE488006C012F /* Build configuration list for PBXNativeTarget "TouchTrackerUITests" */;
			buildPhases = (
				AA35810923BBE488006C012F /* Sources */,
				AA35810A23BBE488006C012F /* Frameworks */,
				AA35810B23BBE488006C012F /* Resources */,
			);
			buildRules = (
			);
			dependencies = (
				AA35810F23BBE488006C012F /* PBXTargetDependency */,
			);
			name = TouchTrackerUITests;
			productName = TouchTrackerUITests;
			productReference = AA35810D23BBE488006C012F /* TouchTrackerUITests.xctest */;
			productType = "com.apple.product-type.bundle.ui-testing";
		};
/* End PBXNativeTarget section */

/* Begin PBXProject section */
		AA3580E423BBE487006C012F /* Project object */ = {
			isa = PBXProject;
			attributes = {
				LastSwiftUpdateCheck = 1130;
				LastUpgradeCheck = 1130;
				ORGANIZATIONNAME = "Big Nerd Ranch";
				TargetAttributes = {
					AA3580EB23BBE487006C012F = {
						CreatedOnToolsVersion = 11.3;
					};
					AA35810123BBE488006C012F = {
						CreatedOnToolsVersion = 11.3;
						TestTargetID = AA3580EB23BBE487006C012F;
					};
					AA35810C23BBE488006C012F = {
						CreatedOnToolsVersion = 11.3;
						TestTargetID = AA3580EB23BBE487006C012F;
					};
				};
			};
			buildConfigurationList = AA3580E723BBE487006C012F /* Build configuration list for PBXProject "TouchTracker" */;
			compatibilityVersion = "Xcode 9.3";
			developmentRegion = en;
			hasScannedForEncodings = 0;
			knownRegions = (
				en,
				Base,
			);
			mainGroup = AA3580E323BBE487006C012F;
			productRefGroup = AA3580ED23BBE487006C012F /* Products */;
			projectDirPath = "";
			projectRoot = "";
			targets = (
				AA3580EB23BBE487006C012F /* TouchTracker */,
				AA35810123BBE488006C012F /* TouchTrackerTests */,
				AA35810C23BBE488006C012F /* TouchTrackerUITests */,
			);
		};
/* End PBXProject section */

/* Begin PBXResourcesBuildPhase section */
		AA3580EA23BBE487006C012F /* Resources */ = {
			isa = PBXResourcesBuildPhase;
			buildActionMask = 2147483647;
			files = (
				AA3580FC23BBE488006C012F /* LaunchScreen.storyboard in Resources */,
				AA3580F923BBE488006C012F /* Assets.xcassets in Resources */,
				AA3580F723BBE487006C012F /* Main.storyboard in Resources */,
			);
			runOnlyForDeploymentPostprocessing = 0;
		};
		AA35810023BBE488006C012F /* Resources */ = {
			isa = PBXResourcesBuildPhase;
			buildActionMask = 2147483647;
			files = (
			);
			runOnlyForDeploymentPostprocessing = 0;
		};
		AA35810B23BBE488006C012F /* Resources */ = {
			isa = PBXResourcesBuildPhase;
			buildActionMask = 2147483647;
			files = (
			);
			runOnlyForDeploymentPostprocessing = 0;
		};
/* End PBXResourcesBuildPhase section */

/* Begin PBXSourcesBuildPhase section */
		AA3580E823BBE487006C012F /* Sources */ = {
			isa = PBXSourcesBuildPhase;
			buildActionMask = 2147483647;
			files = (
				AA3580F423BBE487006C012F /* ViewController.swift in Sources */,
				AABFF1B923BCCF90002C65CD /* DrawView.swift in Sources */,
				AABFF1B723BCCE69002C65CD /* Line.swift in Sources */,
				AA3580F023BBE487006C012F /* AppDelegate.swift in Sources */,
				AA3580F223BBE487006C012F /* SceneDelegate.swift in Sources */,
			);
			runOnlyForDeploymentPostprocessing = 0;
		};
		AA3580FE23BBE488006C012F /* Sources */ = {
			isa = PBXSourcesBuildPhase;
			buildActionMask = 2147483647;
			files = (
				AA35810723BBE488006C012F /* TouchTrackerTests.swift in Sources */,
			);
			runOnlyForDeploymentPostprocessing = 0;
		};
		AA35810923BBE488006C012F /* Sources */ = {
			isa = PBXSourcesBuildPhase;
			buildActionMask = 2147483647;
			files = (
				AA35811223BBE488006C012F /* TouchTrackerUITests.swift in Sources */,
			);
			runOnlyForDeploymentPostprocessing = 0;
		};
/* End PBXSourcesBuildPhase section */

/* Begin PBXTargetDependency section */
		AA35810423BBE488006C012F /* PBXTargetDependency */ = {
			isa = PBXTargetDependency;
			target = AA3580EB23BBE487006C012F /* TouchTracker */;
			targetProxy = AA35810323BBE488006C012F /* PBXContainerItemProxy */;
		};
		AA35810F23BBE488006C012F /* PBXTargetDependency */ = {
			isa = PBXTargetDependency;
			target = AA3580EB23BBE487006C012F /* TouchTracker */;
			targetProxy = AA35810E23BBE488006C012F /* PBXContainerItemProxy */;
		};
/* End PBXTargetDependency section */

/* Begin PBXVariantGroup section */
		AA3580F523BBE487006C012F /* Main.storyboard */ = {
			isa = PBXVariantGroup;
			children = (
				AA3580F623BBE487006C012F /* Base */,
			);
			name = Main.storyboard;
			sourceTree = "<group>";
		};
		AA3580FA23BBE488006C012F /* LaunchScreen.storyboard */ = {
			isa = PBXVariantGroup;
			children = (
				AA3580FB23BBE488006C012F /* Base */,
			);
			name = LaunchScreen.storyboard;
			sourceTree = "<group>";
		};
/* End PBXVariantGroup section */

/* Begin XCBuildConfiguration section */
		AA35811423BBE488006C012F /* Debug */ = {
			isa = XCBuildConfiguration;
			buildSettings = {
				ALWAYS_SEARCH_USER_PATHS = NO;
				CLANG_ANALYZER_NONNULL = YES;
				CLANG_ANALYZER_NUMBER_OBJECT_CONVERSION = YES_AGGRESSIVE;
				CLANG_CXX_LANGUAGE_STANDARD = "gnu++14";
				CLANG_CXX_LIBRARY = "libc++";
				CLANG_ENABLE_MODULES = YES;
				CLANG_ENABLE_OBJC_ARC = YES;
				CLANG_ENABLE_OBJC_WEAK = YES;
				CLANG_WARN_BLOCK_CAPTURE_AUTORELEASING = YES;
				CLANG_WARN_BOOL_CONVERSION = YES;
				CLANG_WARN_COMMA = YES;
				CLANG_WARN_CONSTANT_CONVERSION = YES;
				CLANG_WARN_DEPRECATED_OBJC_IMPLEMENTATIONS = YES;
				CLANG_WARN_DIRECT_OBJC_ISA_USAGE = YES_ERROR;
				CLANG_WARN_DOCUMENTATION_COMMENTS = YES;
				CLANG_WARN_EMPTY_BODY = YES;
				CLANG_WARN_ENUM_CONVERSION = YES;
				CLANG_WARN_INFINITE_RECURSION = YES;
				CLANG_WARN_INT_CONVERSION = YES;
				CLANG_WARN_NON_LITERAL_NULL_CONVERSION = YES;
				CLANG_WARN_OBJC_IMPLICIT_RETAIN_SELF = YES;
				CLANG_WARN_OBJC_LITERAL_CONVERSION = YES;
				CLANG_WARN_OBJC_ROOT_CLASS = YES_ERROR;
				CLANG_WARN_RANGE_LOOP_ANALYSIS = YES;
				CLANG_WARN_STRICT_PROTOTYPES = YES;
				CLANG_WARN_SUSPICIOUS_MOVE = YES;
				CLANG_WARN_UNGUARDED_AVAILABILITY = YES_AGGRESSIVE;
				CLANG_WARN_UNREACHABLE_CODE = YES;
				CLANG_WARN__DUPLICATE_METHOD_MATCH = YES;
				COPY_PHASE_STRIP = NO;
				DEBUG_INFORMATION_FORMAT = dwarf;
				ENABLE_STRICT_OBJC_MSGSEND = YES;
				ENABLE_TESTABILITY = YES;
				GCC_C_LANGUAGE_STANDARD = gnu11;
				GCC_DYNAMIC_NO_PIC = NO;
				GCC_NO_COMMON_BLOCKS = YES;
				GCC_OPTIMIZATION_LEVEL = 0;
				GCC_PREPROCESSOR_DEFINITIONS = (
					"DEBUG=1",
					"$(inherited)",
				);
				GCC_WARN_64_TO_32_BIT_CONVERSION = YES;
				GCC_WARN_ABOUT_RETURN_TYPE = YES_ERROR;
				GCC_WARN_UNDECLARED_SELECTOR = YES;
				GCC_WARN_UNINITIALIZED_AUTOS = YES_AGGRESSIVE;
				GCC_WARN_UNUSED_FUNCTION = YES;
				GCC_WARN_UNUSED_VARIABLE = YES;
				IPHONEOS_DEPLOYMENT_TARGET = 13.2;
				MTL_ENABLE_DEBUG_INFO = INCLUDE_SOURCE;
				MTL_FAST_MATH = YES;
				ONLY_ACTIVE_ARCH = YES;
				SDKROOT = iphoneos;
				SWIFT_ACTIVE_COMPILATION_CONDITIONS = DEBUG;
				SWIFT_OPTIMIZATION_LEVEL = "-Onone";
			};
			name = Debug;
		};
		AA35811523BBE488006C012F /* Release */ = {
			isa = XCBuildConfiguration;
			buildSettings = {
				ALWAYS_SEARCH_USER_PATHS = NO;
				CLANG_ANALYZER_NONNULL = YES;
				CLANG_ANALYZER_NUMBER_OBJECT_CONVERSION = YES_AGGRESSIVE;
				CLANG_CXX_LANGUAGE_STANDARD = "gnu++14";
				CLANG_CXX_LIBRARY = "libc++";
				CLANG_ENABLE_MODULES = YES;
				CLANG_ENABLE_OBJC_ARC = YES;
				CLANG_ENABLE_OBJC_WEAK = YES;
				CLANG_WARN_BLOCK_CAPTURE_AUTORELEASING = YES;
				CLANG_WARN_BOOL_CONVERSION = YES;
				CLANG_WARN_COMMA = YES;
				CLANG_WARN_CONSTANT_CONVERSION = YES;
				CLANG_WARN_DEPRECATED_OBJC_IMPLEMENTATIONS = YES;
				CLANG_WARN_DIRECT_OBJC_ISA_USAGE = YES_ERROR;
				CLANG_WARN_DOCUMENTATION_COMMENTS = YES;
				CLANG_WARN_EMPTY_BODY = YES;
				CLANG_WARN_ENUM_CONVERSION = YES;
				CLANG_WARN_INFINITE_RECURSION = YES;
				CLANG_WARN_INT_CONVERSION = YES;
				CLANG_WARN_NON_LITERAL_NULL_CONVERSION = YES;
				CLANG_WARN_OBJC_IMPLICIT_RETAIN_SELF = YES;
				CLANG_WARN_OBJC_LITERAL_CONVERSION = YES;
				CLANG_WARN_OBJC_ROOT_CLASS = YES_ERROR;
				CLANG_WARN_RANGE_LOOP_ANALYSIS = YES;
				CLANG_WARN_STRICT_PROTOTYPES = YES;
				CLANG_WARN_SUSPICIOUS_MOVE = YES;
				CLANG_WARN_UNGUARDED_AVAILABILITY = YES_AGGRESSIVE;
				CLANG_WARN_UNREACHABLE_CODE = YES;
				CLANG_WARN__DUPLICATE_METHOD_MATCH = YES;
				COPY_PHASE_STRIP = NO;
				DEBUG_INFORMATION_FORMAT = "dwarf-with-dsym";
				ENABLE_NS_ASSERTIONS = NO;
				ENABLE_STRICT_OBJC_MSGSEND = YES;
				GCC_C_LANGUAGE_STANDARD = gnu11;
				GCC_NO_COMMON_BLOCKS = YES;
				GCC_WARN_64_TO_32_BIT_CONVERSION = YES;
				GCC_WARN_ABOUT_RETURN_TYPE = YES_ERROR;
				GCC_WARN_UNDECLARED_SELECTOR = YES;
				GCC_WARN_UNINITIALIZED_AUTOS = YES_AGGRESSIVE;
				GCC_WARN_UNUSED_FUNCTION = YES;
				GCC_WARN_UNUSED_VARIABLE = YES;
				IPHONEOS_DEPLOYMENT_TARGET = 13.2;
				MTL_ENABLE_DEBUG_INFO = NO;
				MTL_FAST_MATH = YES;
				SDKROOT = iphoneos;
				SWIFT_COMPILATION_MODE = wholemodule;
				SWIFT_OPTIMIZATION_LEVEL = "-O";
				VALIDATE_PRODUCT = YES;
			};
			name = Release;
		};
		AA35811723BBE488006C012F /* Debug */ = {
			isa = XCBuildConfiguration;
			buildSettings = {
				ASSETCATALOG_COMPILER_APPICON_NAME = AppIcon;
				CODE_SIGN_STYLE = Automatic;
				INFOPLIST_FILE = TouchTracker/Info.plist;
				LD_RUNPATH_SEARCH_PATHS = (
					"$(inherited)",
					"@executable_path/Frameworks",
				);
				PRODUCT_BUNDLE_IDENTIFIER = com.bignerdranch.TouchTracker;
				PRODUCT_NAME = "$(TARGET_NAME)";
				SWIFT_VERSION = 5.0;
				TARGETED_DEVICE_FAMILY = "1,2";
			};
			name = Debug;
		};
		AA35811823BBE488006C012F /* Release */ = {
			isa = XCBuildConfiguration;
			buildSettings = {
				ASSETCATALOG_COMPILER_APPICON_NAME = AppIcon;
				CODE_SIGN_STYLE = Automatic;
				INFOPLIST_FILE = TouchTracker/Info.plist;
				LD_RUNPATH_SEARCH_PATHS = (
					"$(inherited)",
					"@executable_path/Frameworks",
				);
				PRODUCT_BUNDLE_IDENTIFIER = com.bignerdranch.TouchTracker;
				PRODUCT_NAME = "$(TARGET_NAME)";
				SWIFT_VERSION = 5.0;
				TARGETED_DEVICE_FAMILY = "1,2";
			};
			name = Release;
		};
		AA35811A23BBE488006C012F /* Debug */ = {
			isa = XCBuildConfiguration;
			buildSettings = {
				ALWAYS_EMBED_SWIFT_STANDARD_LIBRARIES = YES;
				BUNDLE_LOADER = "$(TEST_HOST)";
				CODE_SIGN_STYLE = Automatic;
				INFOPLIST_FILE = TouchTrackerTests/Info.plist;
				IPHONEOS_DEPLOYMENT_TARGET = 13.2;
				LD_RUNPATH_SEARCH_PATHS = (
					"$(inherited)",
					"@executable_path/Frameworks",
					"@loader_path/Frameworks",
				);
				PRODUCT_BUNDLE_IDENTIFIER = com.bignerdranch.TouchTrackerTests;
				PRODUCT_NAME = "$(TARGET_NAME)";
				SWIFT_VERSION = 5.0;
				TARGETED_DEVICE_FAMILY = "1,2";
				TEST_HOST = "$(BUILT_PRODUCTS_DIR)/TouchTracker.app/TouchTracker";
			};
			name = Debug;
		};
		AA35811B23BBE488006C012F /* Release */ = {
			isa = XCBuildConfiguration;
			buildSettings = {
				ALWAYS_EMBED_SWIFT_STANDARD_LIBRARIES = YES;
				BUNDLE_LOADER = "$(TEST_HOST)";
				CODE_SIGN_STYLE = Automatic;
				INFOPLIST_FILE = TouchTrackerTests/Info.plist;
				IPHONEOS_DEPLOYMENT_TARGET = 13.2;
				LD_RUNPATH_SEARCH_PATHS = (
					"$(inherited)",
					"@executable_path/Frameworks",
					"@loader_path/Frameworks",
				);
				PRODUCT_BUNDLE_IDENTIFIER = com.bignerdranch.TouchTrackerTests;
				PRODUCT_NAME = "$(TARGET_NAME)";
				SWIFT_VERSION = 5.0;
				TARGETED_DEVICE_FAMILY = "1,2";
				TEST_HOST = "$(BUILT_PRODUCTS_DIR)/TouchTracker.app/TouchTracker";
			};
			name = Release;
		};
		AA35811D23BBE488006C012F /* Debug */ = {
			isa = XCBuildConfiguration;
			buildSettings = {
				ALWAYS_EMBED_SWIFT_STANDARD_LIBRARIES = YES;
				CODE_SIGN_STYLE = Automatic;
				INFOPLIST_FILE = TouchTrackerUITests/Info.plist;
				LD_RUNPATH_SEARCH_PATHS = (
					"$(inherited)",
					"@executable_path/Frameworks",
					"@loader_path/Frameworks",
				);
				PRODUCT_BUNDLE_IDENTIFIER = com.bignerdranch.TouchTrackerUITests;
				PRODUCT_NAME = "$(TARGET_NAME)";
				SWIFT_VERSION = 5.0;
				TARGETED_DEVICE_FAMILY = "1,2";
				TEST_TARGET_NAME = TouchTracker;
			};
			name = Debug;
		};
		AA35811E23BBE488006C012F /* Release */ = {
			isa = XCBuildConfiguration;
			buildSettings = {
				ALWAYS_EMBED_SWIFT_STANDARD_LIBRARIES = YES;
				CODE_SIGN_STYLE = Automatic;
				INFOPLIST_FILE = TouchTrackerUITests/Info.plist;
				LD_RUNPATH_SEARCH_PATHS = (
					"$(inherited)",
					"@executable_path/Frameworks",
					"@loader_path/Frameworks",
				);
				PRODUCT_BUNDLE_IDENTIFIER = com.bignerdranch.TouchTrackerUITests;
				PRODUCT_NAME = "$(TARGET_NAME)";
				SWIFT_VERSION = 5.0;
				TARGETED_DEVICE_FAMILY = "1,2";
				TEST_TARGET_NAME = TouchTracker;
			};
			name = Release;
		};
/* End XCBuildConfiguration section */

/* Begin XCConfigurationList section */
		AA3580E723BBE487006C012F /* Build configuration list for PBXProject "TouchTracker" */ = {
			isa = XCConfigurationList;
			buildConfigurations = (
				AA35811423BBE488006C012F /* Debug */,
				AA35811523BBE488006C012F /* Release */,
			);
			defaultConfigurationIsVisible = 0;
			defaultConfigurationName = Release;
		};
		AA35811623BBE488006C012F /* Build configuration list for PBXNativeTarget "TouchTracker" */ = {
			isa = XCConfigurationList;
			buildConfigurations = (
				AA35811723BBE488006C012F /* Debug */,
				AA35811823BBE488006C012F /* Release */,
			);
			defaultConfigurationIsVisible = 0;
			defaultConfigurationName = Release;
		};
		AA35811923BBE488006C012F /* Build configuration list for PBXNativeTarget "TouchTrackerTests" */ = {
			isa = XCConfigurationList;
			buildConfigurations = (
				AA35811A23BBE488006C012F /* Debug */,
				AA35811B23BBE488006C012F /* Release */,
			);
			defaultConfigurationIsVisible = 0;
			defaultConfigurationName = Release;
		};
		AA35811C23BBE488006C012F /* Build configuration list for PBXNativeTarget "TouchTrackerUITests" */ = {
			isa = XCConfigurationList;
			buildConfigurations = (
				AA35811D23BBE488006C012F /* Debug */,
				AA35811E23BBE488006C012F /* Release */,
			);
			defaultConfigurationIsVisible = 0;
			defaultConfigurationName = Release;
		};
/* End XCConfigurationList section */
	};
	rootObject = AA3580E423BBE487006C012F /* Project object */;
}
